
Microsoft Visual Studio Solution File, Format Version 12.00
# Visual Studio Version 17
VisualStudioVersion = 17.10.35013.160
MinimumVisualStudioVersion = 10.0.40219.1
Project("{9A19103F-16F7-4668-BE54-9A1E7A4F7556}") = "JdStore.Infrastructure", "src\Services\Catalog\Infrastructure\JdStore.Infrastructure.csproj", "{B1954C68-1AB9-4FBF-8FF0-9E68372D42B8}"
EndProject
Project("{2150E333-8FDC-42A3-9474-1A3956D46DE8}") = "Services", "Services", "{13474094-1FA1-482C-93B4-3994A6F90845}"
EndProject
Project("{2150E333-8FDC-42A3-9474-1A3956D46DE8}") = "src", "src", "{790F028A-3C9F-46A8-8393-FFE14A35C1E7}"
EndProject
Project("{2150E333-8FDC-42A3-9474-1A3956D46DE8}") = "ApiGeteways", "ApiGeteways", "{5742F354-2C94-4125-A976-2F8EC72E4310}"
EndProject
Project("{2150E333-8FDC-42A3-9474-1A3956D46DE8}") = "BuildingBlocks", "BuildingBlocks", "{C559ACE3-45AC-4F89-BD94-99F74C6F582B}"
EndProject
Project("{9A19103F-16F7-4668-BE54-9A1E7A4F7556}") = "JdMarketplace.Core", "src\BuildingBlocks\JdMarketplace.Core.csproj", "{52699B44-D08D-4783-AB17-0575E05B9F6D}"
EndProject
Project("{2150E333-8FDC-42A3-9474-1A3956D46DE8}") = "Cart", "Cart", "{95991D43-3CF0-4273-ACA0-FD0503177524}"
EndProject
Project("{2150E333-8FDC-42A3-9474-1A3956D46DE8}") = "Catalog", "Catalog", "{A61DDA26-F1E0-4E42-BE5E-B6CDDB6DD3E1}"
EndProject
Project("{2150E333-8FDC-42A3-9474-1A3956D46DE8}") = "Customers", "Customers", "{96D2BC87-E6A6-4663-BB80-5095610745FF}"
EndProject
Project("{2150E333-8FDC-42A3-9474-1A3956D46DE8}") = "Identity", "Identity", "{7450725E-F28D-4E34-BA5D-D84FFB4B04BC}"
EndProject
Project("{2150E333-8FDC-42A3-9474-1A3956D46DE8}") = "Orders", "Orders", "{5C6F82D6-0672-46C9-8F4A-62D7A415C352}"
EndProject
Project("{2150E333-8FDC-42A3-9474-1A3956D46DE8}") = "Payments", "Payments", "{130C8D0F-C4AB-4163-A9BF-A35135A34A89}"
EndProject
Project("{2150E333-8FDC-42A3-9474-1A3956D46DE8}") = "Api", "Api", "{0696033F-0740-4E8A-B0AF-4D645F775712}"
EndProject
Project("{2150E333-8FDC-42A3-9474-1A3956D46DE8}") = "Infrastructure", "Infrastructure", "{37AB1779-3596-402D-B3D0-243F81D33E81}"
EndProject
Project("{2150E333-8FDC-42A3-9474-1A3956D46DE8}") = "Domain", "Domain", "{A9112972-BA66-4B99-A35C-5440876FA7A7}"
EndProject
Project("{9A19103F-16F7-4668-BE54-9A1E7A4F7556}") = "JdStore.Domain", "src\Services\Catalog\Domain\JdStore.Domain.csproj", "{B132A553-FFB2-4344-A12C-4E459288E6E5}"
EndProject
Project("{9A19103F-16F7-4668-BE54-9A1E7A4F7556}") = "JdStore.Api", "src\Services\Catalog\Api\JdStore.Api.csproj", "{A3E25115-0438-44D9-BD9D-DC666439769C}"
EndProject
Project("{2150E333-8FDC-42A3-9474-1A3956D46DE8}") = "Application", "Application", "{64614494-A325-4305-B5AA-3BBC83250D38}"
EndProject
Project("{9A19103F-16F7-4668-BE54-9A1E7A4F7556}") = "JdStore.Application", "src\Services\Catalog\Application\JdStore.Application.csproj", "{8776C3E4-863E-49BD-9957-935A5221BCD7}"
EndProject
Global
	GlobalSection(SolutionConfigurationPlatforms) = preSolution
		Debug|Any CPU = Debug|Any CPU
		Release|Any CPU = Release|Any CPU
	EndGlobalSection
	GlobalSection(ProjectConfigurationPlatforms) = postSolution
		{B1954C68-1AB9-4FBF-8FF0-9E68372D42B8}.Debug|Any CPU.ActiveCfg = Debug|Any CPU
		{B1954C68-1AB9-4FBF-8FF0-9E68372D42B8}.Debug|Any CPU.Build.0 = Debug|Any CPU
		{B1954C68-1AB9-4FBF-8FF0-9E68372D42B8}.Release|Any CPU.ActiveCfg = Release|Any CPU
		{B1954C68-1AB9-4FBF-8FF0-9E68372D42B8}.Release|Any CPU.Build.0 = Release|Any CPU
		{52699B44-D08D-4783-AB17-0575E05B9F6D}.Debug|Any CPU.ActiveCfg = Debug|Any CPU
		{52699B44-D08D-4783-AB17-0575E05B9F6D}.Debug|Any CPU.Build.0 = Debug|Any CPU
		{52699B44-D08D-4783-AB17-0575E05B9F6D}.Release|Any CPU.ActiveCfg = Release|Any CPU
		{52699B44-D08D-4783-AB17-0575E05B9F6D}.Release|Any CPU.Build.0 = Release|Any CPU
		{B132A553-FFB2-4344-A12C-4E459288E6E5}.Debug|Any CPU.ActiveCfg = Debug|Any CPU
		{B132A553-FFB2-4344-A12C-4E459288E6E5}.Debug|Any CPU.Build.0 = Debug|Any CPU
		{B132A553-FFB2-4344-A12C-4E459288E6E5}.Release|Any CPU.ActiveCfg = Release|Any CPU
		{B132A553-FFB2-4344-A12C-4E459288E6E5}.Release|Any CPU.Build.0 = Release|Any CPU
		{A3E25115-0438-44D9-BD9D-DC666439769C}.Debug|Any CPU.ActiveCfg = Debug|Any CPU
		{A3E25115-0438-44D9-BD9D-DC666439769C}.Debug|Any CPU.Build.0 = Debug|Any CPU
		{A3E25115-0438-44D9-BD9D-DC666439769C}.Release|Any CPU.ActiveCfg = Release|Any CPU
		{A3E25115-0438-44D9-BD9D-DC666439769C}.Release|Any CPU.Build.0 = Release|Any CPU
		{8776C3E4-863E-49BD-9957-935A5221BCD7}.Debug|Any CPU.ActiveCfg = Debug|Any CPU
		{8776C3E4-863E-49BD-9957-935A5221BCD7}.Debug|Any CPU.Build.0 = Debug|Any CPU
		{8776C3E4-863E-49BD-9957-935A5221BCD7}.Release|Any CPU.ActiveCfg = Release|Any CPU
		{8776C3E4-863E-49BD-9957-935A5221BCD7}.Release|Any CPU.Build.0 = Release|Any CPU
	EndGlobalSection
	GlobalSection(SolutionProperties) = preSolution
		HideSolutionNode = FALSE
	EndGlobalSection
	GlobalSection(NestedProjects) = preSolution
		{B1954C68-1AB9-4FBF-8FF0-9E68372D42B8} = {37AB1779-3596-402D-B3D0-243F81D33E81}
		{13474094-1FA1-482C-93B4-3994A6F90845} = {790F028A-3C9F-46A8-8393-FFE14A35C1E7}
		{5742F354-2C94-4125-A976-2F8EC72E4310} = {790F028A-3C9F-46A8-8393-FFE14A35C1E7}
		{C559ACE3-45AC-4F89-BD94-99F74C6F582B} = {790F028A-3C9F-46A8-8393-FFE14A35C1E7}
		{52699B44-D08D-4783-AB17-0575E05B9F6D} = {C559ACE3-45AC-4F89-BD94-99F74C6F582B}
		{95991D43-3CF0-4273-ACA0-FD0503177524} = {13474094-1FA1-482C-93B4-3994A6F90845}
		{A61DDA26-F1E0-4E42-BE5E-B6CDDB6DD3E1} = {13474094-1FA1-482C-93B4-3994A6F90845}
		{96D2BC87-E6A6-4663-BB80-5095610745FF} = {13474094-1FA1-482C-93B4-3994A6F90845}
		{7450725E-F28D-4E34-BA5D-D84FFB4B04BC} = {13474094-1FA1-482C-93B4-3994A6F90845}
		{5C6F82D6-0672-46C9-8F4A-62D7A415C352} = {13474094-1FA1-482C-93B4-3994A6F90845}
		{130C8D0F-C4AB-4163-A9BF-A35135A34A89} = {13474094-1FA1-482C-93B4-3994A6F90845}
		{0696033F-0740-4E8A-B0AF-4D645F775712} = {A61DDA26-F1E0-4E42-BE5E-B6CDDB6DD3E1}
		{37AB1779-3596-402D-B3D0-243F81D33E81} = {A61DDA26-F1E0-4E42-BE5E-B6CDDB6DD3E1}
		{A9112972-BA66-4B99-A35C-5440876FA7A7} = {A61DDA26-F1E0-4E42-BE5E-B6CDDB6DD3E1}
		{B132A553-FFB2-4344-A12C-4E459288E6E5} = {A9112972-BA66-4B99-A35C-5440876FA7A7}
		{A3E25115-0438-44D9-BD9D-DC666439769C} = {0696033F-0740-4E8A-B0AF-4D645F775712}
		{64614494-A325-4305-B5AA-3BBC83250D38} = {A61DDA26-F1E0-4E42-BE5E-B6CDDB6DD3E1}
		{8776C3E4-863E-49BD-9957-935A5221BCD7} = {64614494-A325-4305-B5AA-3BBC83250D38}
	EndGlobalSection
	GlobalSection(ExtensibilityGlobals) = postSolution
		SolutionGuid = {7779704F-4AF0-4D7C-8378-75E6656D65FE}
	EndGlobalSection
EndGlobal
